
Microsoft Visual Studio Solution File, Format Version 12.00
# Visual Studio Version 17
VisualStudioVersion = 17.9.34607.119
MinimumVisualStudioVersion = 10.0.40219.1
Project("{FAE04EC0-301F-11D3-BF4B-00C04F79EFBC}") = "TDD_Presentation_domain", "TDD_Presentation\TDD_Presentation_domain.csproj", "{D27357C1-90B6-44B8-AC74-94564165C19B}"
EndProject
Project("{FAE04EC0-301F-11D3-BF4B-00C04F79EFBC}") = "TDD_PresentationTest", "TDD_PresentationTest\TDD_PresentationTest.csproj", "{D6A94128-C412-4983-A578-5414FAB3468F}"
EndProject
Project("{FAE04EC0-301F-11D3-BF4B-00C04F79EFBC}") = "TDD_Presi_Infra", "TDD_Presi_Infra\TDD_Presi_Infra.csproj", "{59824CB9-9BFA-40AF-B123-5C920B14EA28}"
EndProject
Global
	GlobalSection(SolutionConfigurationPlatforms) = preSolution
		Debug|Any CPU = Debug|Any CPU
		Release|Any CPU = Release|Any CPU
	EndGlobalSection
	GlobalSection(ProjectConfigurationPlatforms) = postSolution
		{D27357C1-90B6-44B8-AC74-94564165C19B}.Debug|Any CPU.ActiveCfg = Debug|Any CPU
		{D27357C1-90B6-44B8-AC74-94564165C19B}.Debug|Any CPU.Build.0 = Debug|Any CPU
		{D27357C1-90B6-44B8-AC74-94564165C19B}.Release|Any CPU.ActiveCfg = Release|Any CPU
		{D27357C1-90B6-44B8-AC74-94564165C19B}.Release|Any CPU.Build.0 = Release|Any CPU
		{D6A94128-C412-4983-A578-5414FAB3468F}.Debug|Any CPU.ActiveCfg = Debug|Any CPU
		{D6A94128-C412-4983-A578-5414FAB3468F}.Debug|Any CPU.Build.0 = Debug|Any CPU
		{D6A94128-C412-4983-A578-5414FAB3468F}.Release|Any CPU.ActiveCfg = Release|Any CPU
		{D6A94128-C412-4983-A578-5414FAB3468F}.Release|Any CPU.Build.0 = Release|Any CPU
		{59824CB9-9BFA-40AF-B123-5C920B14EA28}.Debug|Any CPU.ActiveCfg = Debug|Any CPU
		{59824CB9-9BFA-40AF-B123-5C920B14EA28}.Debug|Any CPU.Build.0 = Debug|Any CPU
		{59824CB9-9BFA-40AF-B123-5C920B14EA28}.Release|Any CPU.ActiveCfg = Release|Any CPU
		{59824CB9-9BFA-40AF-B123-5C920B14EA28}.Release|Any CPU.Build.0 = Release|Any CPU
	EndGlobalSection
	GlobalSection(SolutionProperties) = preSolution
		HideSolutionNode = FALSE
	EndGlobalSection
	GlobalSection(ExtensibilityGlobals) = postSolution
		SolutionGuid = {C8E2E709-4E8D-4625-B155-9649C6417B67}
	EndGlobalSection
EndGlobal
